// !$*UTF8*$!
{
	archiveVersion = 1;
	classes = {
	};
	objectVersion = 56;
	objects = {

/* Begin PBXBuildFile section */
		0F3D6B292B15D7E30039B776 /* AppDelegate.swift in Sources */ = {isa = PBXBuildFile; fileRef = 0F3D6B282B15D7E30039B776 /* AppDelegate.swift */; };
		0F3D6B2B2B15D7E30039B776 /* SceneDelegate.swift in Sources */ = {isa = PBXBuildFile; fileRef = 0F3D6B2A2B15D7E30039B776 /* SceneDelegate.swift */; };
		0F3D6B2D2B15D7E30039B776 /* ViewController.swift in Sources */ = {isa = PBXBuildFile; fileRef = 0F3D6B2C2B15D7E30039B776 /* ViewController.swift */; };
		0F3D6B302B15D7E30039B776 /* Main.storyboard in Resources */ = {isa = PBXBuildFile; fileRef = 0F3D6B2E2B15D7E30039B776 /* Main.storyboard */; };
		0F3D6B322B15D7E40039B776 /* Assets.xcassets in Resources */ = {isa = PBXBuildFile; fileRef = 0F3D6B312B15D7E40039B776 /* Assets.xcassets */; };
		0F3D6B352B15D7E40039B776 /* LaunchScreen.storyboard in Resources */ = {isa = PBXBuildFile; fileRef = 0F3D6B332B15D7E40039B776 /* LaunchScreen.storyboard */; };
		0F3D6B402B15D7E50039B776 /* I_am_poorTests.swift in Sources */ = {isa = PBXBuildFile; fileRef = 0F3D6B3F2B15D7E50039B776 /* I_am_poorTests.swift */; };
		0F3D6B4A2B15D7E50039B776 /* I_am_poorUITests.swift in Sources */ = {isa = PBXBuildFile; fileRef = 0F3D6B492B15D7E50039B776 /* I_am_poorUITests.swift */; };
		0F3D6B4C2B15D7E50039B776 /* I_am_poorUITestsLaunchTests.swift in Sources */ = {isa = PBXBuildFile; fileRef = 0F3D6B4B2B15D7E50039B776 /* I_am_poorUITestsLaunchTests.swift */; };
/* End PBXBuildFile section */

/* Begin PBXContainerItemProxy section */
		0F3D6B3C2B15D7E50039B776 /* PBXContainerItemProxy */ = {
			isa = PBXContainerItemProxy;
			containerPortal = 0F3D6B1D2B15D7E30039B776 /* Project object */;
			proxyType = 1;
			remoteGlobalIDString = 0F3D6B242B15D7E30039B776;
			remoteInfo = "I am poor";
		};
		0F3D6B462B15D7E50039B776 /* PBXContainerItemProxy */ = {
			isa = PBXContainerItemProxy;
			containerPortal = 0F3D6B1D2B15D7E30039B776 /* Project object */;
			proxyType = 1;
			remoteGlobalIDString = 0F3D6B242B15D7E30039B776;
			remoteInfo = "I am poor";
		};
/* End PBXContainerItemProxy section */

/* Begin PBXFileReference section */
		0F3D6B252B15D7E30039B776 /* I am poor.app */ = {isa = PBXFileReference; explicitFileType = wrapper.application; includeInIndex = 0; path = "I am poor.app"; sourceTree = BUILT_PRODUCTS_DIR; };
		0F3D6B282B15D7E30039B776 /* AppDelegate.swift */ = {isa = PBXFileReference; lastKnownFileType = sourcecode.swift; path = AppDelegate.swift; sourceTree = "<group>"; };
		0F3D6B2A2B15D7E30039B776 /* SceneDelegate.swift */ = {isa = PBXFileReference; lastKnownFileType = sourcecode.swift; path = SceneDelegate.swift; sourceTree = "<group>"; };
		0F3D6B2C2B15D7E30039B776 /* ViewController.swift */ = {isa = PBXFileReference; lastKnownFileType = sourcecode.swift; path = ViewController.swift; sourceTree = "<group>"; };
		0F3D6B2F2B15D7E30039B776 /* Base */ = {isa = PBXFileReference; lastKnownFileType = file.storyboard; name = Base; path = Base.lproj/Main.storyboard; sourceTree = "<group>"; };
		0F3D6B312B15D7E40039B776 /* Assets.xcassets */ = {isa = PBXFileReference; lastKnownFileType = folder.assetcatalog; path = Assets.xcassets; sourceTree = "<group>"; };
		0F3D6B342B15D7E40039B776 /* Base */ = {isa = PBXFileReference; lastKnownFileType = file.storyboard; name = Base; path = Base.lproj/LaunchScreen.storyboard; sourceTree = "<group>"; };
		0F3D6B362B15D7E40039B776 /* Info.plist */ = {isa = PBXFileReference; lastKnownFileType = text.plist.xml; path = Info.plist; sourceTree = "<group>"; };
		0F3D6B3B2B15D7E50039B776 /* I am poorTests.xctest */ = {isa = PBXFileReference; explicitFileType = wrapper.cfbundle; includeInIndex = 0; path = "I am poorTests.xctest"; sourceTree = BUILT_PRODUCTS_DIR; };
		0F3D6B3F2B15D7E50039B776 /* I_am_poorTests.swift */ = {isa = PBXFileReference; lastKnownFileType = sourcecode.swift; path = I_am_poorTests.swift; sourceTree = "<group>"; };
		0F3D6B452B15D7E50039B776 /* I am poorUITests.xctest */ = {isa = PBXFileReference; explicitFileType = wrapper.cfbundle; includeInIndex = 0; path = "I am poorUITests.xctest"; sourceTree = BUILT_PRODUCTS_DIR; };
		0F3D6B492B15D7E50039B776 /* I_am_poorUITests.swift */ = {isa = PBXFileReference; lastKnownFileType = sourcecode.swift; path = I_am_poorUITests.swift; sourceTree = "<group>"; };
		0F3D6B4B2B15D7E50039B776 /* I_am_poorUITestsLaunchTests.swift */ = {isa = PBXFileReference; lastKnownFileType = sourcecode.swift; path = I_am_poorUITestsLaunchTests.swift; sourceTree = "<group>"; };
/* End PBXFileReference section */

/* Begin PBXFrameworksBuildPhase section */
		0F3D6B222B15D7E30039B776 /* Frameworks */ = {
			isa = PBXFrameworksBuildPhase;
			buildActionMask = 2147483647;
			files = (
			);
			runOnlyForDeploymentPostprocessing = 0;
		};
		0F3D6B382B15D7E50039B776 /* Frameworks */ = {
			isa = PBXFrameworksBuildPhase;
			buildActionMask = 2147483647;
			files = (
			);
			runOnlyForDeploymentPostprocessing = 0;
		};
		0F3D6B422B15D7E50039B776 /* Frameworks */ = {
			isa = PBXFrameworksBuildPhase;
			buildActionMask = 2147483647;
			files = (
			);
			runOnlyForDeploymentPostprocessing = 0;
		};
/* End PBXFrameworksBuildPhase section */

/* Begin PBXGroup section */
		0F3D6B1C2B15D7E30039B776 = {
			isa = PBXGroup;
			children = (
				0F3D6B272B15D7E30039B776 /* I am poor */,
				0F3D6B3E2B15D7E50039B776 /* I am poorTests */,
				0F3D6B482B15D7E50039B776 /* I am poorUITests */,
				0F3D6B262B15D7E30039B776 /* Products */,
			);
			sourceTree = "<group>";
		};
		0F3D6B262B15D7E30039B776 /* Products */ = {
			isa = PBXGroup;
			children = (
				0F3D6B252B15D7E30039B776 /* I am poor.app */,
				0F3D6B3B2B15D7E50039B776 /* I am poorTests.xctest */,
				0F3D6B452B15D7E50039B776 /* I am poorUITests.xctest */,
			);
			name = Products;
			sourceTree = "<group>";
		};
		0F3D6B272B15D7E30039B776 /* I am poor */ = {
			isa = PBXGroup;
			children = (
				0F3D6B282B15D7E30039B776 /* AppDelegate.swift */,
				0F3D6B2A2B15D7E30039B776 /* SceneDelegate.swift */,
				0F3D6B2C2B15D7E30039B776 /* ViewController.swift */,
				0F3D6B2E2B15D7E30039B776 /* Main.storyboard */,
				0F3D6B312B15D7E40039B776 /* Assets.xcassets */,
				0F3D6B332B15D7E40039B776 /* LaunchScreen.storyboard */,
				0F3D6B362B15D7E40039B776 /* Info.plist */,
			);
			path = "I am poor";
			sourceTree = "<group>";
		};
		0F3D6B3E2B15D7E50039B776 /* I am poorTests */ = {
			isa = PBXGroup;
			children = (
				0F3D6B3F2B15D7E50039B776 /* I_am_poorTests.swift */,
			);
			path = "I am poorTests";
			sourceTree = "<group>";
		};
		0F3D6B482B15D7E50039B776 /* I am poorUITests */ = {
			isa = PBXGroup;
			children = (
				0F3D6B492B15D7E50039B776 /* I_am_poorUITests.swift */,
				0F3D6B4B2B15D7E50039B776 /* I_am_poorUITestsLaunchTests.swift */,
			);
			path = "I am poorUITests";
			sourceTree = "<group>";
		};
/* End PBXGroup section */

/* Begin PBXNativeTarget section */
		0F3D6B242B15D7E30039B776 /* I am poor */ = {
			isa = PBXNativeTarget;
			buildConfigurationList = 0F3D6B4F2B15D7E50039B776 /* Build configuration list for PBXNativeTarget "I am poor" */;
			buildPhases = (
				0F3D6B212B15D7E30039B776 /* Sources */,
				0F3D6B222B15D7E30039B776 /* Frameworks */,
				0F3D6B232B15D7E30039B776 /* Resources */,
			);
			buildRules = (
			);
			dependencies = (
			);
			name = "I am poor";
			productName = "I am poor";
			productReference = 0F3D6B252B15D7E30039B776 /* I am poor.app */;
			productType = "com.apple.product-type.application";
		};
		0F3D6B3A2B15D7E50039B776 /* I am poorTests */ = {
			isa = PBXNativeTarget;
			buildConfigurationList = 0F3D6B522B15D7E50039B776 /* Build configuration list for PBXNativeTarget "I am poorTests" */;
			buildPhases = (
				0F3D6B372B15D7E50039B776 /* Sources */,
				0F3D6B382B15D7E50039B776 /* Frameworks */,
				0F3D6B392B15D7E50039B776 /* Resources */,
			);
			buildRules = (
			);
			dependencies = (
				0F3D6B3D2B15D7E50039B776 /* PBXTargetDependency */,
			);
			name = "I am poorTests";
			productName = "I am poorTests";
			productReference = 0F3D6B3B2B15D7E50039B776 /* I am poorTests.xctest */;
			productType = "com.apple.product-type.bundle.unit-test";
		};
		0F3D6B442B15D7E50039B776 /* I am poorUITests */ = {
			isa = PBXNativeTarget;
			buildConfigurationList = 0F3D6B552B15D7E50039B776 /* Build configuration list for PBXNativeTarget "I am poorUITests" */;
			buildPhases = (
				0F3D6B412B15D7E50039B776 /* Sources */,
				0F3D6B422B15D7E50039B776 /* Frameworks */,
				0F3D6B432B15D7E50039B776 /* Resources */,
			);
			buildRules = (
			);
			dependencies = (
				0F3D6B472B15D7E50039B776 /* PBXTargetDependency */,
			);
			name = "I am poorUITests";
			productName = "I am poorUITests";
			productReference = 0F3D6B452B15D7E50039B776 /* I am poorUITests.xctest */;
			productType = "com.apple.product-type.bundle.ui-testing";
		};
/* End PBXNativeTarget section */

/* Begin PBXProject section */
		0F3D6B1D2B15D7E30039B776 /* Project object */ = {
			isa = PBXProject;
			attributes = {
				BuildIndependentTargetsInParallel = 1;
				LastSwiftUpdateCheck = 1430;
				LastUpgradeCheck = 1430;
				TargetAttributes = {
					0F3D6B242B15D7E30039B776 = {
						CreatedOnToolsVersion = 14.3.1;
					};
					0F3D6B3A2B15D7E50039B776 = {
						CreatedOnToolsVersion = 14.3.1;
						TestTargetID = 0F3D6B242B15D7E30039B776;
					};
					0F3D6B442B15D7E50039B776 = {
						CreatedOnToolsVersion = 14.3.1;
						TestTargetID = 0F3D6B242B15D7E30039B776;
					};
				};
			};
			buildConfigurationList = 0F3D6B202B15D7E30039B776 /* Build configuration list for PBXProject "I am poor" */;
			compatibilityVersion = "Xcode 14.0";
			developmentRegion = en;
			hasScannedForEncodings = 0;
			knownRegions = (
				en,
				Base,
			);
			mainGroup = 0F3D6B1C2B15D7E30039B776;
			productRefGroup = 0F3D6B262B15D7E30039B776 /* Products */;
			projectDirPath = "";
			projectRoot = "";
			targets = (
				0F3D6B242B15D7E30039B776 /* I am poor */,
				0F3D6B3A2B15D7E50039B776 /* I am poorTests */,
				0F3D6B442B15D7E50039B776 /* I am poorUITests */,
			);
		};
/* End PBXProject section */

/* Begin PBXResourcesBuildPhase section */
		0F3D6B232B15D7E30039B776 /* Resources */ = {
			isa = PBXResourcesBuildPhase;
			buildActionMask = 2147483647;
			files = (
				0F3D6B352B15D7E40039B776 /* LaunchScreen.storyboard in Resources */,
				0F3D6B322B15D7E40039B776 /* Assets.xcassets in Resources */,
				0F3D6B302B15D7E30039B776 /* Main.storyboard in Resources */,
			);
			runOnlyForDeploymentPostprocessing = 0;
		};
		0F3D6B392B15D7E50039B776 /* Resources */ = {
			isa = PBXResourcesBuildPhase;
			buildActionMask = 2147483647;
			files = (
			);
			runOnlyForDeploymentPostprocessing = 0;
		};
		0F3D6B432B15D7E50039B776 /* Resources */ = {
			isa = PBXResourcesBuildPhase;
			buildActionMask = 2147483647;
			files = (
			);
			runOnlyForDeploymentPostprocessing = 0;
		};
/* End PBXResourcesBuildPhase section */

/* Begin PBXSourcesBuildPhase section */
		0F3D6B212B15D7E30039B776 /* Sources */ = {
			isa = PBXSourcesBuildPhase;
			buildActionMask = 2147483647;
			files = (
				0F3D6B2D2B15D7E30039B776 /* ViewController.swift in Sources */,
				0F3D6B292B15D7E30039B776 /* AppDelegate.swift in Sources */,
				0F3D6B2B2B15D7E30039B776 /* SceneDelegate.swift in Sources */,
			);
			runOnlyForDeploymentPostprocessing = 0;
		};
		0F3D6B372B15D7E50039B776 /* Sources */ = {
			isa = PBXSourcesBuildPhase;
			buildActionMask = 2147483647;
			files = (
				0F3D6B402B15D7E50039B776 /* I_am_poorTests.swift in Sources */,
			);
			runOnlyForDeploymentPostprocessing = 0;
		};
		0F3D6B412B15D7E50039B776 /* Sources */ = {
			isa = PBXSourcesBuildPhase;
			buildActionMask = 2147483647;
			files = (
				0F3D6B4C2B15D7E50039B776 /* I_am_poorUITestsLaunchTests.swift in Sources */,
				0F3D6B4A2B15D7E50039B776 /* I_am_poorUITests.swift in Sources */,
			);
			runOnlyForDeploymentPostprocessing = 0;
		};
/* End PBXSourcesBuildPhase section */

/* Begin PBXTargetDependency section */
		0F3D6B3D2B15D7E50039B776 /* PBXTargetDependency */ = {
			isa = PBXTargetDependency;
			target = 0F3D6B242B15D7E30039B776 /* I am poor */;
			targetProxy = 0F3D6B3C2B15D7E50039B776 /* PBXContainerItemProxy */;
		};
		0F3D6B472B15D7E50039B776 /* PBXTargetDependency */ = {
			isa = PBXTargetDependency;
			target = 0F3D6B242B15D7E30039B776 /* I am poor */;
			targetProxy = 0F3D6B462B15D7E50039B776 /* PBXContainerItemProxy */;
		};
/* End PBXTargetDependency section */

/* Begin PBXVariantGroup section */
		0F3D6B2E2B15D7E30039B776 /* Main.storyboard */ = {
			isa = PBXVariantGroup;
			children = (
				0F3D6B2F2B15D7E30039B776 /* Base */,
			);
			name = Main.storyboard;
			sourceTree = "<group>";
		};
		0F3D6B332B15D7E40039B776 /* LaunchScreen.storyboard */ = {
			isa = PBXVariantGroup;
			children = (
				0F3D6B342B15D7E40039B776 /* Base */,
			);
			name = LaunchScreen.storyboard;
			sourceTree = "<group>";
		};
/* End PBXVariantGroup section */

/* Begin XCBuildConfiguration section */
		0F3D6B4D2B15D7E50039B776 /* Debug */ = {
			isa = XCBuildConfiguration;
			buildSettings = {
				ALWAYS_SEARCH_USER_PATHS = NO;
				CLANG_ANALYZER_NONNULL = YES;
				CLANG_ANALYZER_NUMBER_OBJECT_CONVERSION = YES_AGGRESSIVE;
				CLANG_CXX_LANGUAGE_STANDARD = "gnu++20";
				CLANG_ENABLE_MODULES = YES;
				CLANG_ENABLE_OBJC_ARC = YES;
				CLANG_ENABLE_OBJC_WEAK = YES;
				CLANG_WARN_BLOCK_CAPTURE_AUTORELEASING = YES;
				CLANG_WARN_BOOL_CONVERSION = YES;
				CLANG_WARN_COMMA = YES;
				CLANG_WARN_CONSTANT_CONVERSION = YES;
				CLANG_WARN_DEPRECATED_OBJC_IMPLEMENTATIONS = YES;
				CLANG_WARN_DIRECT_OBJC_ISA_USAGE = YES_ERROR;
				CLANG_WARN_DOCUMENTATION_COMMENTS = YES;
				CLANG_WARN_EMPTY_BODY = YES;
				CLANG_WARN_ENUM_CONVERSION = YES;
				CLANG_WARN_INFINITE_RECURSION = YES;
				CLANG_WARN_INT_CONVERSION = YES;
				CLANG_WARN_NON_LITERAL_NULL_CONVERSION = YES;
				CLANG_WARN_OBJC_IMPLICIT_RETAIN_SELF = YES;
				CLANG_WARN_OBJC_LITERAL_CONVERSION = YES;
				CLANG_WARN_OBJC_ROOT_CLASS = YES_ERROR;
				CLANG_WARN_QUOTED_INCLUDE_IN_FRAMEWORK_HEADER = YES;
				CLANG_WARN_RANGE_LOOP_ANALYSIS = YES;
				CLANG_WARN_STRICT_PROTOTYPES = YES;
				CLANG_WARN_SUSPICIOUS_MOVE = YES;
				CLANG_WARN_UNGUARDED_AVAILABILITY = YES_AGGRESSIVE;
				CLANG_WARN_UNREACHABLE_CODE = YES;
				CLANG_WARN__DUPLICATE_METHOD_MATCH = YES;
				COPY_PHASE_STRIP = NO;
				DEBUG_INFORMATION_FORMAT = dwarf;
				ENABLE_STRICT_OBJC_MSGSEND = YES;
				ENABLE_TESTABILITY = YES;
				GCC_C_LANGUAGE_STANDARD = gnu11;
				GCC_DYNAMIC_NO_PIC = NO;
				GCC_NO_COMMON_BLOCKS = YES;
				GCC_OPTIMIZATION_LEVEL = 0;
				GCC_PREPROCESSOR_DEFINITIONS = (
					"DEBUG=1",
					"$(inherited)",
				);
				GCC_WARN_64_TO_32_BIT_CONVERSION = YES;
				GCC_WARN_ABOUT_RETURN_TYPE = YES_ERROR;
				GCC_WARN_UNDECLARED_SELECTOR = YES;
				GCC_WARN_UNINITIALIZED_AUTOS = YES_AGGRESSIVE;
				GCC_WARN_UNUSED_FUNCTION = YES;
				GCC_WARN_UNUSED_VARIABLE = YES;
				IPHONEOS_DEPLOYMENT_TARGET = 16.4;
				MTL_ENABLE_DEBUG_INFO = INCLUDE_SOURCE;
				MTL_FAST_MATH = YES;
				ONLY_ACTIVE_ARCH = YES;
				SDKROOT = iphoneos;
				SWIFT_ACTIVE_COMPILATION_CONDITIONS = DEBUG;
				SWIFT_OPTIMIZATION_LEVEL = "-Onone";
			};
			name = Debug;
		};
		0F3D6B4E2B15D7E50039B776 /* Release */ = {
			isa = XCBuildConfiguration;
			buildSettings = {
				ALWAYS_SEARCH_USER_PATHS = NO;
				CLANG_ANALYZER_NONNULL = YES;
				CLANG_ANALYZER_NUMBER_OBJECT_CONVERSION = YES_AGGRESSIVE;
				CLANG_CXX_LANGUAGE_STANDARD = "gnu++20";
				CLANG_ENABLE_MODULES = YES;
				CLANG_ENABLE_OBJC_ARC = YES;
				CLANG_ENABLE_OBJC_WEAK = YES;
				CLANG_WARN_BLOCK_CAPTURE_AUTORELEASING = YES;
				CLANG_WARN_BOOL_CONVERSION = YES;
				CLANG_WARN_COMMA = YES;
				CLANG_WARN_CONSTANT_CONVERSION = YES;
				CLANG_WARN_DEPRECATED_OBJC_IMPLEMENTATIONS = YES;
				CLANG_WARN_DIRECT_OBJC_ISA_USAGE = YES_ERROR;
				CLANG_WARN_DOCUMENTATION_COMMENTS = YES;
				CLANG_WARN_EMPTY_BODY = YES;
				CLANG_WARN_ENUM_CONVERSION = YES;
				CLANG_WARN_INFINITE_RECURSION = YES;
				CLANG_WARN_INT_CONVERSION = YES;
				CLANG_WARN_NON_LITERAL_NULL_CONVERSION = YES;
				CLANG_WARN_OBJC_IMPLICIT_RETAIN_SELF = YES;
				CLANG_WARN_OBJC_LITERAL_CONVERSION = YES;
				CLANG_WARN_OBJC_ROOT_CLASS = YES_ERROR;
				CLANG_WARN_QUOTED_INCLUDE_IN_FRAMEWORK_HEADER = YES;
				CLANG_WARN_RANGE_LOOP_ANALYSIS = YES;
				CLANG_WARN_STRICT_PROTOTYPES = YES;
				CLANG_WARN_SUSPICIOUS_MOVE = YES;
				CLANG_WARN_UNGUARDED_AVAILABILITY = YES_AGGRESSIVE;
				CLANG_WARN_UNREACHABLE_CODE = YES;
				CLANG_WARN__DUPLICATE_METHOD_MATCH = YES;
				COPY_PHASE_STRIP = NO;
				DEBUG_INFORMATION_FORMAT = "dwarf-with-dsym";
				ENABLE_NS_ASSERTIONS = NO;
				ENABLE_STRICT_OBJC_MSGSEND = YES;
				GCC_C_LANGUAGE_STANDARD = gnu11;
				GCC_NO_COMMON_BLOCKS = YES;
				GCC_WARN_64_TO_32_BIT_CONVERSION = YES;
				GCC_WARN_ABOUT_RETURN_TYPE = YES_ERROR;
				GCC_WARN_UNDECLARED_SELECTOR = YES;
				GCC_WARN_UNINITIALIZED_AUTOS = YES_AGGRESSIVE;
				GCC_WARN_UNUSED_FUNCTION = YES;
				GCC_WARN_UNUSED_VARIABLE = YES;
				IPHONEOS_DEPLOYMENT_TARGET = 16.4;
				MTL_ENABLE_DEBUG_INFO = NO;
				MTL_FAST_MATH = YES;
				SDKROOT = iphoneos;
				SWIFT_COMPILATION_MODE = wholemodule;
				SWIFT_OPTIMIZATION_LEVEL = "-O";
				VALIDATE_PRODUCT = YES;
			};
			name = Release;
		};
		0F3D6B502B15D7E50039B776 /* Debug */ = {
			isa = XCBuildConfiguration;
			buildSettings = {
				ASSETCATALOG_COMPILER_APPICON_NAME = AppIcon;
				ASSETCATALOG_COMPILER_GLOBAL_ACCENT_COLOR_NAME = AccentColor;
				CODE_SIGN_STYLE = Automatic;
				CURRENT_PROJECT_VERSION = 1;
				DEVELOPMENT_TEAM = YFJWK8KNNZ;
				GENERATE_INFOPLIST_FILE = YES;
				INFOPLIST_FILE = "I am poor/Info.plist";
				INFOPLIST_KEY_UIApplicationSupportsIndirectInputEvents = YES;
				INFOPLIST_KEY_UILaunchStoryboardName = LaunchScreen;
				INFOPLIST_KEY_UIMainStoryboardFile = Main;
				INFOPLIST_KEY_UISupportedInterfaceOrientations_iPad = "UIInterfaceOrientationPortrait UIInterfaceOrientationPortraitUpsideDown UIInterfaceOrientationLandscapeLeft UIInterfaceOrientationLandscapeRight";
				INFOPLIST_KEY_UISupportedInterfaceOrientations_iPhone = "UIInterfaceOrientationPortrait UIInterfaceOrientationLandscapeLeft UIInterfaceOrientationLandscapeRight";
				LD_RUNPATH_SEARCH_PATHS = (
					"$(inherited)",
					"@executable_path/Frameworks",
				);
				MARKETING_VERSION = 1.0;
				PRODUCT_BUNDLE_IDENTIFIER = "com.barisadalidag.I-am-poor";
				PRODUCT_NAME = "$(TARGET_NAME)";
				SWIFT_EMIT_LOC_STRINGS = YES;
				SWIFT_VERSION = 5.0;
				TARGETED_DEVICE_FAMILY = "1,2";
			};
			name = Debug;
		};
		0F3D6B512B15D7E50039B776 /* Release */ = {
			isa = XCBuildConfiguration;
			buildSettings = {
				ASSETCATALOG_COMPILER_APPICON_NAME = AppIcon;
				ASSETCATALOG_COMPILER_GLOBAL_ACCENT_COLOR_NAME = AccentColor;
				CODE_SIGN_STYLE = Automatic;
				CURRENT_PROJECT_VERSION = 1;
				DEVELOPMENT_TEAM = YFJWK8KNNZ;
				GENERATE_INFOPLIST_FILE = YES;
				INFOPLIST_FILE = "I am poor/Info.plist";
				INFOPLIST_KEY_UIApplicationSupportsIndirectInputEvents = YES;
				INFOPLIST_KEY_UILaunchStoryboardName = LaunchScreen;
				INFOPLIST_KEY_UIMainStoryboardFile = Main;
				INFOPLIST_KEY_UISupportedInterfaceOrientations_iPad = "UIInterfaceOrientationPortrait UIInterfaceOrientationPortraitUpsideDown UIInterfaceOrientationLandscapeLeft UIInterfaceOrientationLandscapeRight";
				INFOPLIST_KEY_UISupportedInterfaceOrientations_iPhone = "UIInterfaceOrientationPortrait UIInterfaceOrientationLandscapeLeft UIInterfaceOrientationLandscapeRight";
				LD_RUNPATH_SEARCH_PATHS = (
					"$(inherited)",
					"@executable_path/Frameworks",
				);
				MARKETING_VERSION = 1.0;
				PRODUCT_BUNDLE_IDENTIFIER = "com.barisadalidag.I-am-poor";
				PRODUCT_NAME = "$(TARGET_NAME)";
				SWIFT_EMIT_LOC_STRINGS = YES;
				SWIFT_VERSION = 5.0;
				TARGETED_DEVICE_FAMILY = "1,2";
			};
			name = Release;
		};
		0F3D6B532B15D7E50039B776 /* Debug */ = {
			isa = XCBuildConfiguration;
			buildSettings = {
				ALWAYS_EMBED_SWIFT_STANDARD_LIBRARIES = YES;
				BUNDLE_LOADER = "$(TEST_HOST)";
				CODE_SIGN_STYLE = Automatic;
				CURRENT_PROJECT_VERSION = 1;
				DEVELOPMENT_TEAM = YFJWK8KNNZ;
				GENERATE_INFOPLIST_FILE = YES;
				IPHONEOS_DEPLOYMENT_TARGET = 16.4;
				MARKETING_VERSION = 1.0;
				PRODUCT_BUNDLE_IDENTIFIER = "com.barisadalidag.I-am-poorTests";
				PRODUCT_NAME = "$(TARGET_NAME)";
				SWIFT_EMIT_LOC_STRINGS = NO;
				SWIFT_VERSION = 5.0;
				TARGETED_DEVICE_FAMILY = "1,2";
				TEST_HOST = "$(BUILT_PRODUCTS_DIR)/I am poor.app/$(BUNDLE_EXECUTABLE_FOLDER_PATH)/I am poor";
			};
			name = Debug;
		};
		0F3D6B542B15D7E50039B776 /* Release */ = {
			isa = XCBuildConfiguration;
			buildSettings = {
				ALWAYS_EMBED_SWIFT_STANDARD_LIBRARIES = YES;
				BUNDLE_LOADER = "$(TEST_HOST)";
				CODE_SIGN_STYLE = Automatic;
				CURRENT_PROJECT_VERSION = 1;
				DEVELOPMENT_TEAM = YFJWK8KNNZ;
				GENERATE_INFOPLIST_FILE = YES;
				IPHONEOS_DEPLOYMENT_TARGET = 16.4;
				MARKETING_VERSION = 1.0;
				PRODUCT_BUNDLE_IDENTIFIER = "com.barisadalidag.I-am-poorTests";
				PRODUCT_NAME = "$(TARGET_NAME)";
				SWIFT_EMIT_LOC_STRINGS = NO;
				SWIFT_VERSION = 5.0;
				TARGETED_DEVICE_FAMILY = "1,2";
				TEST_HOST = "$(BUILT_PRODUCTS_DIR)/I am poor.app/$(BUNDLE_EXECUTABLE_FOLDER_PATH)/I am poor";
			};
			name = Release;
		};
		0F3D6B562B15D7E50039B776 /* Debug */ = {
			isa = XCBuildConfiguration;
			buildSettings = {
				ALWAYS_EMBED_SWIFT_STANDARD_LIBRARIES = YES;
				CODE_SIGN_STYLE = Automatic;
				CURRENT_PROJECT_VERSION = 1;
				DEVELOPMENT_TEAM = YFJWK8KNNZ;
				GENERATE_INFOPLIST_FILE = YES;
				MARKETING_VERSION = 1.0;
				PRODUCT_BUNDLE_IDENTIFIER = "com.barisadalidag.I-am-poorUITests";
				PRODUCT_NAME = "$(TARGET_NAME)";
				SWIFT_EMIT_LOC_STRINGS = NO;
				SWIFT_VERSION = 5.0;
				TARGETED_DEVICE_FAMILY = "1,2";
				TEST_TARGET_NAME = "I am poor";
			};
			name = Debug;
		};
		0F3D6B572B15D7E50039B776 /* Release */ = {
			isa = XCBuildConfiguration;
			buildSettings = {
				ALWAYS_EMBED_SWIFT_STANDARD_LIBRARIES = YES;
				CODE_SIGN_STYLE = Automatic;
				CURRENT_PROJECT_VERSION = 1;
				DEVELOPMENT_TEAM = YFJWK8KNNZ;
				GENERATE_INFOPLIST_FILE = YES;
				MARKETING_VERSION = 1.0;
				PRODUCT_BUNDLE_IDENTIFIER = "com.barisadalidag.I-am-poorUITests";
				PRODUCT_NAME = "$(TARGET_NAME)";
				SWIFT_EMIT_LOC_STRINGS = NO;
				SWIFT_VERSION = 5.0;
				TARGETED_DEVICE_FAMILY = "1,2";
				TEST_TARGET_NAME = "I am poor";
			};
			name = Release;
		};
/* End XCBuildConfiguration section */

/* Begin XCConfigurationList section */
		0F3D6B202B15D7E30039B776 /* Build configuration list for PBXProject "I am poor" */ = {
			isa = XCConfigurationList;
			buildConfigurations = (
				0F3D6B4D2B15D7E50039B776 /* Debug */,
				0F3D6B4E2B15D7E50039B776 /* Release */,
			);
			defaultConfigurationIsVisible = 0;
			defaultConfigurationName = Release;
		};
		0F3D6B4F2B15D7E50039B776 /* Build configuration list for PBXNativeTarget "I am poor" */ = {
			isa = XCConfigurationList;
			buildConfigurations = (
				0F3D6B502B15D7E50039B776 /* Debug */,
				0F3D6B512B15D7E50039B776 /* Release */,
			);
			defaultConfigurationIsVisible = 0;
			defaultConfigurationName = Release;
		};
		0F3D6B522B15D7E50039B776 /* Build configuration list for PBXNativeTarget "I am poorTests" */ = {
			isa = XCConfigurationList;
			buildConfigurations = (
				0F3D6B532B15D7E50039B776 /* Debug */,
				0F3D6B542B15D7E50039B776 /* Release */,
			);
			defaultConfigurationIsVisible = 0;
			defaultConfigurationName = Release;
		};
		0F3D6B552B15D7E50039B776 /* Build configuration list for PBXNativeTarget "I am poorUITests" */ = {
			isa = XCConfigurationList;
			buildConfigurations = (
				0F3D6B562B15D7E50039B776 /* Debug */,
				0F3D6B572B15D7E50039B776 /* Release */,
			);
			defaultConfigurationIsVisible = 0;
			defaultConfigurationName = Release;
		};
/* End XCConfigurationList section */
	};
	rootObject = 0F3D6B1D2B15D7E30039B776 /* Project object */;
}
